
Microsoft Visual Studio Solution File, Format Version 12.00
# Visual Studio 15
VisualStudioVersion = 15.0.28307.1145
MinimumVisualStudioVersion = 10.0.40219.1
Project("{FAE04EC0-301F-11D3-BF4B-00C04F79EFBC}") = "UnitedSecurity", "UnitedSecurity.csproj", "{A949C6B5-5204-40AE-B4F4-03D48563FFD9}"
EndProject
Global
	GlobalSection(SolutionConfigurationPlatforms) = preSolution
		Debug|Any CPU = Debug|Any CPU
		Release|Any CPU = Release|Any CPU
	EndGlobalSection
	GlobalSection(ProjectConfigurationPlatforms) = postSolution
		{A949C6B5-5204-40AE-B4F4-03D48563FFD9}.Debug|Any CPU.ActiveCfg = Debug|Any CPU
		{A949C6B5-5204-40AE-B4F4-03D48563FFD9}.Debug|Any CPU.Build.0 = Debug|Any CPU
		{A949C6B5-5204-40AE-B4F4-03D48563FFD9}.Release|Any CPU.ActiveCfg = Release|Any CPU
		{A949C6B5-5204-40AE-B4F4-03D48563FFD9}.Release|Any CPU.Build.0 = Release|Any CPU
	EndGlobalSection
	GlobalSection(SolutionProperties) = preSolution
		HideSolutionNode = FALSE
	EndGlobalSection
	GlobalSection(ExtensibilityGlobals) = postSolution
		SolutionGuid = {2BC0A7C8-12F9-41CF-A935-725D213D987B}
	EndGlobalSection
EndGlobal
